
Microsoft Visual Studio Solution File, Format Version 12.00
# Visual Studio Version 16
VisualStudioVersion = 16.0.31112.23
MinimumVisualStudioVersion = 10.0.40219.1
Project("{FAE04EC0-301F-11D3-BF4B-00C04F79EFBC}") = "BilliardGame", "BilliardGame\BilliardGame.csproj", "{0C28CA22-EC7C-453D-9FF4-24FFFF92B469}"
EndProject
Global
	GlobalSection(SolutionConfigurationPlatforms) = preSolution
		Debug|Any CPU = Debug|Any CPU
		Release|Any CPU = Release|Any CPU
	EndGlobalSection
	GlobalSection(ProjectConfigurationPlatforms) = postSolution
		{0C28CA22-EC7C-453D-9FF4-24FFFF92B469}.Debug|Any CPU.ActiveCfg = Debug|Any CPU
		{0C28CA22-EC7C-453D-9FF4-24FFFF92B469}.Debug|Any CPU.Build.0 = Debug|Any CPU
		{0C28CA22-EC7C-453D-9FF4-24FFFF92B469}.Release|Any CPU.ActiveCfg = Release|Any CPU
		{0C28CA22-EC7C-453D-9FF4-24FFFF92B469}.Release|Any CPU.Build.0 = Release|Any CPU
	EndGlobalSection
	GlobalSection(SolutionProperties) = preSolution
		HideSolutionNode = FALSE
	EndGlobalSection
	GlobalSection(ExtensibilityGlobals) = postSolution
		SolutionGuid = {C6467BF2-2D37-41B9-9EB5-56C995504B7E}
	EndGlobalSection
EndGlobal
